// !$*UTF8*$!
{
	archiveVersion = 1;
	classes = {
	};
	objectVersion = 55;
	objects = {

/* Begin PBXBuildFile section */
		188457C028D2287C00185F07 /* HotProspectsApp.swift in Sources */ = {isa = PBXBuildFile; fileRef = 188457BF28D2287C00185F07 /* HotProspectsApp.swift */; };
		188457C228D2287C00185F07 /* ContentView.swift in Sources */ = {isa = PBXBuildFile; fileRef = 188457C128D2287C00185F07 /* ContentView.swift */; };
		188457C428D2288000185F07 /* Assets.xcassets in Resources */ = {isa = PBXBuildFile; fileRef = 188457C328D2288000185F07 /* Assets.xcassets */; };
		188457C728D2288000185F07 /* Preview Assets.xcassets in Resources */ = {isa = PBXBuildFile; fileRef = 188457C628D2288000185F07 /* Preview Assets.xcassets */; };
		188457CF28D22C5300185F07 /* EnviromentObjectView.swift in Sources */ = {isa = PBXBuildFile; fileRef = 188457CE28D22C5300185F07 /* EnviromentObjectView.swift */; };
		188457D128D22FD600185F07 /* MenuTabView.swift in Sources */ = {isa = PBXBuildFile; fileRef = 188457D028D22FD600185F07 /* MenuTabView.swift */; };
		188457D328D2720600185F07 /* PushingManualView.swift in Sources */ = {isa = PBXBuildFile; fileRef = 188457D228D2720600185F07 /* PushingManualView.swift */; };
		188457D528D3882400185F07 /* ResultView.swift in Sources */ = {isa = PBXBuildFile; fileRef = 188457D428D3882400185F07 /* ResultView.swift */; };
		188457D728D3906900185F07 /* Interpolatio9nView.swift in Sources */ = {isa = PBXBuildFile; fileRef = 188457D628D3906900185F07 /* Interpolatio9nView.swift */; };
		188457D928D3B89A00185F07 /* ContextMenusView.swift in Sources */ = {isa = PBXBuildFile; fileRef = 188457D828D3B89A00185F07 /* ContextMenusView.swift */; };
		188457DB28D3BB1200185F07 /* SwipeRowView.swift in Sources */ = {isa = PBXBuildFile; fileRef = 188457DA28D3BB1200185F07 /* SwipeRowView.swift */; };
		188457DD28D3C13200185F07 /* NotificationsView.swift in Sources */ = {isa = PBXBuildFile; fileRef = 188457DC28D3C13200185F07 /* NotificationsView.swift */; };
		188457E028D8C68B00185F07 /* ProspectsView.swift in Sources */ = {isa = PBXBuildFile; fileRef = 188457DF28D8C68B00185F07 /* ProspectsView.swift */; };
		188457E228D8C6A400185F07 /* MeView.swift in Sources */ = {isa = PBXBuildFile; fileRef = 188457E128D8C6A400185F07 /* MeView.swift */; };
		188457E528D8CAEA00185F07 /* Prospect.swift in Sources */ = {isa = PBXBuildFile; fileRef = 188457E428D8CAEA00185F07 /* Prospect.swift */; };
/* End PBXBuildFile section */

/* Begin PBXFileReference section */
		188457BC28D2287C00185F07 /* HotProspects.app */ = {isa = PBXFileReference; explicitFileType = wrapper.application; includeInIndex = 0; path = HotProspects.app; sourceTree = BUILT_PRODUCTS_DIR; };
		188457BF28D2287C00185F07 /* HotProspectsApp.swift */ = {isa = PBXFileReference; lastKnownFileType = sourcecode.swift; path = HotProspectsApp.swift; sourceTree = "<group>"; };
		188457C128D2287C00185F07 /* ContentView.swift */ = {isa = PBXFileReference; lastKnownFileType = sourcecode.swift; path = ContentView.swift; sourceTree = "<group>"; };
		188457C328D2288000185F07 /* Assets.xcassets */ = {isa = PBXFileReference; lastKnownFileType = folder.assetcatalog; path = Assets.xcassets; sourceTree = "<group>"; };
		188457C628D2288000185F07 /* Preview Assets.xcassets */ = {isa = PBXFileReference; lastKnownFileType = folder.assetcatalog; path = "Preview Assets.xcassets"; sourceTree = "<group>"; };
		188457CE28D22C5300185F07 /* EnviromentObjectView.swift */ = {isa = PBXFileReference; lastKnownFileType = sourcecode.swift; path = EnviromentObjectView.swift; sourceTree = "<group>"; };
		188457D028D22FD600185F07 /* MenuTabView.swift */ = {isa = PBXFileReference; lastKnownFileType = sourcecode.swift; path = MenuTabView.swift; sourceTree = "<group>"; };
		188457D228D2720600185F07 /* PushingManualView.swift */ = {isa = PBXFileReference; lastKnownFileType = sourcecode.swift; path = PushingManualView.swift; sourceTree = "<group>"; };
		188457D428D3882400185F07 /* ResultView.swift */ = {isa = PBXFileReference; lastKnownFileType = sourcecode.swift; path = ResultView.swift; sourceTree = "<group>"; };
		188457D628D3906900185F07 /* Interpolatio9nView.swift */ = {isa = PBXFileReference; lastKnownFileType = sourcecode.swift; path = Interpolatio9nView.swift; sourceTree = "<group>"; };
		188457D828D3B89A00185F07 /* ContextMenusView.swift */ = {isa = PBXFileReference; lastKnownFileType = sourcecode.swift; path = ContextMenusView.swift; sourceTree = "<group>"; };
		188457DA28D3BB1200185F07 /* SwipeRowView.swift */ = {isa = PBXFileReference; lastKnownFileType = sourcecode.swift; path = SwipeRowView.swift; sourceTree = "<group>"; };
		188457DC28D3C13200185F07 /* NotificationsView.swift */ = {isa = PBXFileReference; lastKnownFileType = sourcecode.swift; path = NotificationsView.swift; sourceTree = "<group>"; };
		188457DF28D8C68B00185F07 /* ProspectsView.swift */ = {isa = PBXFileReference; lastKnownFileType = sourcecode.swift; path = ProspectsView.swift; sourceTree = "<group>"; };
		188457E128D8C6A400185F07 /* MeView.swift */ = {isa = PBXFileReference; lastKnownFileType = sourcecode.swift; path = MeView.swift; sourceTree = "<group>"; };
		188457E428D8CAEA00185F07 /* Prospect.swift */ = {isa = PBXFileReference; lastKnownFileType = sourcecode.swift; path = Prospect.swift; sourceTree = "<group>"; };
/* End PBXFileReference section */

/* Begin PBXFrameworksBuildPhase section */
		188457B928D2287C00185F07 /* Frameworks */ = {
			isa = PBXFrameworksBuildPhase;
			buildActionMask = 2147483647;
			files = (
			);
			runOnlyForDeploymentPostprocessing = 0;
		};
/* End PBXFrameworksBuildPhase section */

/* Begin PBXGroup section */
		188457B328D2287C00185F07 = {
			isa = PBXGroup;
			children = (
				188457BE28D2287C00185F07 /* HotProspects */,
				188457BD28D2287C00185F07 /* Products */,
			);
			sourceTree = "<group>";
		};
		188457BD28D2287C00185F07 /* Products */ = {
			isa = PBXGroup;
			children = (
				188457BC28D2287C00185F07 /* HotProspects.app */,
			);
			name = Products;
			sourceTree = "<group>";
		};
		188457BE28D2287C00185F07 /* HotProspects */ = {
			isa = PBXGroup;
			children = (
				188457E328D8CAD100185F07 /* data */,
				188457DE28D8C65D00185F07 /* views */,
				188457CD28D22C2C00185F07 /* exercises */,
				188457BF28D2287C00185F07 /* HotProspectsApp.swift */,
				188457C128D2287C00185F07 /* ContentView.swift */,
				188457C328D2288000185F07 /* Assets.xcassets */,
				188457C528D2288000185F07 /* Preview Content */,
			);
			path = HotProspects;
			sourceTree = "<group>";
		};
		188457C528D2288000185F07 /* Preview Content */ = {
			isa = PBXGroup;
			children = (
				188457C628D2288000185F07 /* Preview Assets.xcassets */,
			);
			path = "Preview Content";
			sourceTree = "<group>";
		};
		188457CD28D22C2C00185F07 /* exercises */ = {
			isa = PBXGroup;
			children = (
				188457CE28D22C5300185F07 /* EnviromentObjectView.swift */,
				188457D028D22FD600185F07 /* MenuTabView.swift */,
				188457D228D2720600185F07 /* PushingManualView.swift */,
				188457D428D3882400185F07 /* ResultView.swift */,
				188457D628D3906900185F07 /* Interpolatio9nView.swift */,
				188457D828D3B89A00185F07 /* ContextMenusView.swift */,
				188457DA28D3BB1200185F07 /* SwipeRowView.swift */,
				188457DC28D3C13200185F07 /* NotificationsView.swift */,
			);
			path = exercises;
			sourceTree = "<group>";
		};
		188457DE28D8C65D00185F07 /* views */ = {
			isa = PBXGroup;
			children = (
				188457DF28D8C68B00185F07 /* ProspectsView.swift */,
				188457E128D8C6A400185F07 /* MeView.swift */,
			);
			path = views;
			sourceTree = "<group>";
		};
		188457E328D8CAD100185F07 /* data */ = {
			isa = PBXGroup;
			children = (
				188457E428D8CAEA00185F07 /* Prospect.swift */,
			);
			path = data;
			sourceTree = "<group>";
		};
/* End PBXGroup section */

/* Begin PBXNativeTarget section */
		188457BB28D2287C00185F07 /* HotProspects */ = {
			isa = PBXNativeTarget;
			buildConfigurationList = 188457CA28D2288000185F07 /* Build configuration list for PBXNativeTarget "HotProspects" */;
			buildPhases = (
				188457B828D2287C00185F07 /* Sources */,
				188457B928D2287C00185F07 /* Frameworks */,
				188457BA28D2287C00185F07 /* Resources */,
			);
			buildRules = (
			);
			dependencies = (
			);
			name = HotProspects;
			productName = HotProspects;
			productReference = 188457BC28D2287C00185F07 /* HotProspects.app */;
			productType = "com.apple.product-type.application";
		};
/* End PBXNativeTarget section */

/* Begin PBXProject section */
		188457B428D2287C00185F07 /* Project object */ = {
			isa = PBXProject;
			attributes = {
				BuildIndependentTargetsInParallel = 1;
				LastSwiftUpdateCheck = 1340;
				LastUpgradeCheck = 1340;
				TargetAttributes = {
					188457BB28D2287C00185F07 = {
						CreatedOnToolsVersion = 13.4.1;
					};
				};
			};
			buildConfigurationList = 188457B728D2287C00185F07 /* Build configuration list for PBXProject "HotProspects" */;
			compatibilityVersion = "Xcode 13.0";
			developmentRegion = en;
			hasScannedForEncodings = 0;
			knownRegions = (
				en,
				Base,
			);
			mainGroup = 188457B328D2287C00185F07;
			productRefGroup = 188457BD28D2287C00185F07 /* Products */;
			projectDirPath = "";
			projectRoot = "";
			targets = (
				188457BB28D2287C00185F07 /* HotProspects */,
			);
		};
/* End PBXProject section */

/* Begin PBXResourcesBuildPhase section */
		188457BA28D2287C00185F07 /* Resources */ = {
			isa = PBXResourcesBuildPhase;
			buildActionMask = 2147483647;
			files = (
				188457C728D2288000185F07 /* Preview Assets.xcassets in Resources */,
				188457C428D2288000185F07 /* Assets.xcassets in Resources */,
			);
			runOnlyForDeploymentPostprocessing = 0;
		};
/* End PBXResourcesBuildPhase section */

/* Begin PBXSourcesBuildPhase section */
		188457B828D2287C00185F07 /* Sources */ = {
			isa = PBXSourcesBuildPhase;
			buildActionMask = 2147483647;
			files = (
				188457E228D8C6A400185F07 /* MeView.swift in Sources */,
				188457C228D2287C00185F07 /* ContentView.swift in Sources */,
				188457DD28D3C13200185F07 /* NotificationsView.swift in Sources */,
				188457E528D8CAEA00185F07 /* Prospect.swift in Sources */,
				188457D928D3B89A00185F07 /* ContextMenusView.swift in Sources */,
				188457C028D2287C00185F07 /* HotProspectsApp.swift in Sources */,
				188457CF28D22C5300185F07 /* EnviromentObjectView.swift in Sources */,
				188457D728D3906900185F07 /* Interpolatio9nView.swift in Sources */,
				188457D128D22FD600185F07 /* MenuTabView.swift in Sources */,
				188457D328D2720600185F07 /* PushingManualView.swift in Sources */,
				188457DB28D3BB1200185F07 /* SwipeRowView.swift in Sources */,
				188457E028D8C68B00185F07 /* ProspectsView.swift in Sources */,
				188457D528D3882400185F07 /* ResultView.swift in Sources */,
			);
			runOnlyForDeploymentPostprocessing = 0;
		};
/* End PBXSourcesBuildPhase section */

/* Begin XCBuildConfiguration section */
		188457C828D2288000185F07 /* Debug */ = {
			isa = XCBuildConfiguration;
			buildSettings = {
				ALWAYS_SEARCH_USER_PATHS = NO;
				CLANG_ANALYZER_NONNULL = YES;
				CLANG_ANALYZER_NUMBER_OBJECT_CONVERSION = YES_AGGRESSIVE;
				CLANG_CXX_LANGUAGE_STANDARD = "gnu++17";
				CLANG_ENABLE_MODULES = YES;
				CLANG_ENABLE_OBJC_ARC = YES;
				CLANG_ENABLE_OBJC_WEAK = YES;
				CLANG_WARN_BLOCK_CAPTURE_AUTORELEASING = YES;
				CLANG_WARN_BOOL_CONVERSION = YES;
				CLANG_WARN_COMMA = YES;
				CLANG_WARN_CONSTANT_CONVERSION = YES;
				CLANG_WARN_DEPRECATED_OBJC_IMPLEMENTATIONS = YES;
				CLANG_WARN_DIRECT_OBJC_ISA_USAGE = YES_ERROR;
				CLANG_WARN_DOCUMENTATION_COMMENTS = YES;
				CLANG_WARN_EMPTY_BODY = YES;
				CLANG_WARN_ENUM_CONVERSION = YES;
				CLANG_WARN_INFINITE_RECURSION = YES;
				CLANG_WARN_INT_CONVERSION = YES;
				CLANG_WARN_NON_LITERAL_NULL_CONVERSION = YES;
				CLANG_WARN_OBJC_IMPLICIT_RETAIN_SELF = YES;
				CLANG_WARN_OBJC_LITERAL_CONVERSION = YES;
				CLANG_WARN_OBJC_ROOT_CLASS = YES_ERROR;
				CLANG_WARN_QUOTED_INCLUDE_IN_FRAMEWORK_HEADER = YES;
				CLANG_WARN_RANGE_LOOP_ANALYSIS = YES;
				CLANG_WARN_STRICT_PROTOTYPES = YES;
				CLANG_WARN_SUSPICIOUS_MOVE = YES;
				CLANG_WARN_UNGUARDED_AVAILABILITY = YES_AGGRESSIVE;
				CLANG_WARN_UNREACHABLE_CODE = YES;
				CLANG_WARN__DUPLICATE_METHOD_MATCH = YES;
				COPY_PHASE_STRIP = NO;
				DEBUG_INFORMATION_FORMAT = dwarf;
				ENABLE_STRICT_OBJC_MSGSEND = YES;
				ENABLE_TESTABILITY = YES;
				GCC_C_LANGUAGE_STANDARD = gnu11;
				GCC_DYNAMIC_NO_PIC = NO;
				GCC_NO_COMMON_BLOCKS = YES;
				GCC_OPTIMIZATION_LEVEL = 0;
				GCC_PREPROCESSOR_DEFINITIONS = (
					"DEBUG=1",
					"$(inherited)",
				);
				GCC_WARN_64_TO_32_BIT_CONVERSION = YES;
				GCC_WARN_ABOUT_RETURN_TYPE = YES_ERROR;
				GCC_WARN_UNDECLARED_SELECTOR = YES;
				GCC_WARN_UNINITIALIZED_AUTOS = YES_AGGRESSIVE;
				GCC_WARN_UNUSED_FUNCTION = YES;
				GCC_WARN_UNUSED_VARIABLE = YES;
				IPHONEOS_DEPLOYMENT_TARGET = 15.5;
				MTL_ENABLE_DEBUG_INFO = INCLUDE_SOURCE;
				MTL_FAST_MATH = YES;
				ONLY_ACTIVE_ARCH = YES;
				SDKROOT = iphoneos;
				SWIFT_ACTIVE_COMPILATION_CONDITIONS = DEBUG;
				SWIFT_OPTIMIZATION_LEVEL = "-Onone";
			};
			name = Debug;
		};
		188457C928D2288000185F07 /* Release */ = {
			isa = XCBuildConfiguration;
			buildSettings = {
				ALWAYS_SEARCH_USER_PATHS = NO;
				CLANG_ANALYZER_NONNULL = YES;
				CLANG_ANALYZER_NUMBER_OBJECT_CONVERSION = YES_AGGRESSIVE;
				CLANG_CXX_LANGUAGE_STANDARD = "gnu++17";
				CLANG_ENABLE_MODULES = YES;
				CLANG_ENABLE_OBJC_ARC = YES;
				CLANG_ENABLE_OBJC_WEAK = YES;
				CLANG_WARN_BLOCK_CAPTURE_AUTORELEASING = YES;
				CLANG_WARN_BOOL_CONVERSION = YES;
				CLANG_WARN_COMMA = YES;
				CLANG_WARN_CONSTANT_CONVERSION = YES;
				CLANG_WARN_DEPRECATED_OBJC_IMPLEMENTATIONS = YES;
				CLANG_WARN_DIRECT_OBJC_ISA_USAGE = YES_ERROR;
				CLANG_WARN_DOCUMENTATION_COMMENTS = YES;
				CLANG_WARN_EMPTY_BODY = YES;
				CLANG_WARN_ENUM_CONVERSION = YES;
				CLANG_WARN_INFINITE_RECURSION = YES;
				CLANG_WARN_INT_CONVERSION = YES;
				CLANG_WARN_NON_LITERAL_NULL_CONVERSION = YES;
				CLANG_WARN_OBJC_IMPLICIT_RETAIN_SELF = YES;
				CLANG_WARN_OBJC_LITERAL_CONVERSION = YES;
				CLANG_WARN_OBJC_ROOT_CLASS = YES_ERROR;
				CLANG_WARN_QUOTED_INCLUDE_IN_FRAMEWORK_HEADER = YES;
				CLANG_WARN_RANGE_LOOP_ANALYSIS = YES;
				CLANG_WARN_STRICT_PROTOTYPES = YES;
				CLANG_WARN_SUSPICIOUS_MOVE = YES;
				CLANG_WARN_UNGUARDED_AVAILABILITY = YES_AGGRESSIVE;
				CLANG_WARN_UNREACHABLE_CODE = YES;
				CLANG_WARN__DUPLICATE_METHOD_MATCH = YES;
				COPY_PHASE_STRIP = NO;
				DEBUG_INFORMATION_FORMAT = "dwarf-with-dsym";
				ENABLE_NS_ASSERTIONS = NO;
				ENABLE_STRICT_OBJC_MSGSEND = YES;
				GCC_C_LANGUAGE_STANDARD = gnu11;
				GCC_NO_COMMON_BLOCKS = YES;
				GCC_WARN_64_TO_32_BIT_CONVERSION = YES;
				GCC_WARN_ABOUT_RETURN_TYPE = YES_ERROR;
				GCC_WARN_UNDECLARED_SELECTOR = YES;
				GCC_WARN_UNINITIALIZED_AUTOS = YES_AGGRESSIVE;
				GCC_WARN_UNUSED_FUNCTION = YES;
				GCC_WARN_UNUSED_VARIABLE = YES;
				IPHONEOS_DEPLOYMENT_TARGET = 15.5;
				MTL_ENABLE_DEBUG_INFO = NO;
				MTL_FAST_MATH = YES;
				SDKROOT = iphoneos;
				SWIFT_COMPILATION_MODE = wholemodule;
				SWIFT_OPTIMIZATION_LEVEL = "-O";
				VALIDATE_PRODUCT = YES;
			};
			name = Release;
		};
		188457CB28D2288000185F07 /* Debug */ = {
			isa = XCBuildConfiguration;
			buildSettings = {
				ASSETCATALOG_COMPILER_APPICON_NAME = AppIcon;
				ASSETCATALOG_COMPILER_GLOBAL_ACCENT_COLOR_NAME = AccentColor;
				CODE_SIGN_STYLE = Automatic;
				CURRENT_PROJECT_VERSION = 1;
				DEVELOPMENT_ASSET_PATHS = "\"HotProspects/Preview Content\"";
				DEVELOPMENT_TEAM = N89SVX78VR;
				ENABLE_PREVIEWS = YES;
				GENERATE_INFOPLIST_FILE = YES;
				INFOPLIST_KEY_UIApplicationSceneManifest_Generation = YES;
				INFOPLIST_KEY_UIApplicationSupportsIndirectInputEvents = YES;
				INFOPLIST_KEY_UILaunchScreen_Generation = YES;
				INFOPLIST_KEY_UISupportedInterfaceOrientations_iPad = "UIInterfaceOrientationPortrait UIInterfaceOrientationPortraitUpsideDown UIInterfaceOrientationLandscapeLeft UIInterfaceOrientationLandscapeRight";
				INFOPLIST_KEY_UISupportedInterfaceOrientations_iPhone = "UIInterfaceOrientationPortrait UIInterfaceOrientationLandscapeLeft UIInterfaceOrientationLandscapeRight";
				LD_RUNPATH_SEARCH_PATHS = (
					"$(inherited)",
					"@executable_path/Frameworks",
				);
				MARKETING_VERSION = 1.0;
				PRODUCT_BUNDLE_IDENTIFIER = com.beto.HotProspects;
				PRODUCT_NAME = "$(TARGET_NAME)";
				SWIFT_EMIT_LOC_STRINGS = YES;
				SWIFT_VERSION = 5.0;
				TARGETED_DEVICE_FAMILY = "1,2";
			};
			name = Debug;
		};
		188457CC28D2288000185F07 /* Release */ = {
			isa = XCBuildConfiguration;
			buildSettings = {
				ASSETCATALOG_COMPILER_APPICON_NAME = AppIcon;
				ASSETCATALOG_COMPILER_GLOBAL_ACCENT_COLOR_NAME = AccentColor;
				CODE_SIGN_STYLE = Automatic;
				CURRENT_PROJECT_VERSION = 1;
				DEVELOPMENT_ASSET_PATHS = "\"HotProspects/Preview Content\"";
				DEVELOPMENT_TEAM = N89SVX78VR;
				ENABLE_PREVIEWS = YES;
				GENERATE_INFOPLIST_FILE = YES;
				INFOPLIST_KEY_UIApplicationSceneManifest_Generation = YES;
				INFOPLIST_KEY_UIApplicationSupportsIndirectInputEvents = YES;
				INFOPLIST_KEY_UILaunchScreen_Generation = YES;
				INFOPLIST_KEY_UISupportedInterfaceOrientations_iPad = "UIInterfaceOrientationPortrait UIInterfaceOrientationPortraitUpsideDown UIInterfaceOrientationLandscapeLeft UIInterfaceOrientationLandscapeRight";
				INFOPLIST_KEY_UISupportedInterfaceOrientations_iPhone = "UIInterfaceOrientationPortrait UIInterfaceOrientationLandscapeLeft UIInterfaceOrientationLandscapeRight";
				LD_RUNPATH_SEARCH_PATHS = (
					"$(inherited)",
					"@executable_path/Frameworks",
				);
				MARKETING_VERSION = 1.0;
				PRODUCT_BUNDLE_IDENTIFIER = com.beto.HotProspects;
				PRODUCT_NAME = "$(TARGET_NAME)";
				SWIFT_EMIT_LOC_STRINGS = YES;
				SWIFT_VERSION = 5.0;
				TARGETED_DEVICE_FAMILY = "1,2";
			};
			name = Release;
		};
/* End XCBuildConfiguration section */

/* Begin XCConfigurationList section */
		188457B728D2287C00185F07 /* Build configuration list for PBXProject "HotProspects" */ = {
			isa = XCConfigurationList;
			buildConfigurations = (
				188457C828D2288000185F07 /* Debug */,
				188457C928D2288000185F07 /* Release */,
			);
			defaultConfigurationIsVisible = 0;
			defaultConfigurationName = Release;
		};
		188457CA28D2288000185F07 /* Build configuration list for PBXNativeTarget "HotProspects" */ = {
			isa = XCConfigurationList;
			buildConfigurations = (
				188457CB28D2288000185F07 /* Debug */,
				188457CC28D2288000185F07 /* Release */,
			);
			defaultConfigurationIsVisible = 0;
			defaultConfigurationName = Release;
		};
/* End XCConfigurationList section */
	};
	rootObject = 188457B428D2287C00185F07 /* Project object */;
}
